{
  "repository": "https://github.com/sauljabin/gitignoregh",
  "versions": [
    {
      "version": "Unreleased",
      "changes": [
        {
          "type": "Fixed",
          "entries": [
            "Update python"
          ]
        }
      ]
    },
    {
      "version": "1.2.0",
      "date": "2025-06-01",
      "changes": [
        {
          "type": "Fixed",
          "entries": [
            "Update dependencies version",
            "Remove header when printing gitignore"
          ]
        }
      ]
    }
  ]
}